// !$*UTF8*$!
{
	archiveVersion = 1;
	classes = {
	};
	objectVersion = 46;
	objects = {

/* Begin PBXBuildFile section */
		1A8891B45B162D250F9EBEFA /* Pods_PokeDictTests.framework in Frameworks */ = {isa = PBXBuildFile; fileRef = CB5CD03A11FB35BA4A85087F /* Pods_PokeDictTests.framework */; };
		4BD291B6CF2345460C8A0CB4 /* Pods_PokeDictUITests.framework in Frameworks */ = {isa = PBXBuildFile; fileRef = B118E0B183B3CDB86BE750C3 /* Pods_PokeDictUITests.framework */; };
		9B3B7FF91EDCF90D0003E521 /* AppDelegate.swift in Sources */ = {isa = PBXBuildFile; fileRef = 9B3B7FF81EDCF90D0003E521 /* AppDelegate.swift */; };
		9B3B7FFB1EDCF90D0003E521 /* ViewController.swift in Sources */ = {isa = PBXBuildFile; fileRef = 9B3B7FFA1EDCF90D0003E521 /* ViewController.swift */; };
		9B3B7FFE1EDCF90D0003E521 /* Main.storyboard in Resources */ = {isa = PBXBuildFile; fileRef = 9B3B7FFC1EDCF90D0003E521 /* Main.storyboard */; };
		9B3B80001EDCF90D0003E521 /* Assets.xcassets in Resources */ = {isa = PBXBuildFile; fileRef = 9B3B7FFF1EDCF90D0003E521 /* Assets.xcassets */; };
		9B3B80031EDCF90D0003E521 /* LaunchScreen.storyboard in Resources */ = {isa = PBXBuildFile; fileRef = 9B3B80011EDCF90D0003E521 /* LaunchScreen.storyboard */; };
		9B3B800E1EDCF90D0003E521 /* PokeDictTests.swift in Sources */ = {isa = PBXBuildFile; fileRef = 9B3B800D1EDCF90D0003E521 /* PokeDictTests.swift */; };
		9B3B80191EDCF90D0003E521 /* PokeDictUITests.swift in Sources */ = {isa = PBXBuildFile; fileRef = 9B3B80181EDCF90D0003E521 /* PokeDictUITests.swift */; };
		9B4F1F9E1EE1DF060075B177 /* PimPoy.wav in Resources */ = {isa = PBXBuildFile; fileRef = 9B4F1F9D1EE1DF060075B177 /* PimPoy.wav */; };
		9B9A44A21EDD0A1B004890E2 /* pokemon.csv in Resources */ = {isa = PBXBuildFile; fileRef = 9B9A44A11EDD0A1B004890E2 /* pokemon.csv */; };
		9B9A44A61EDD0B9A004890E2 /* Pokemon.swift in Sources */ = {isa = PBXBuildFile; fileRef = 9B9A44A51EDD0B9A004890E2 /* Pokemon.swift */; };
		9B9A44A91EDD1942004890E2 /* PokeCollectionViewCell.swift in Sources */ = {isa = PBXBuildFile; fileRef = 9B9A44A81EDD1942004890E2 /* PokeCollectionViewCell.swift */; };
		9B9A44AB1EDDE0DB004890E2 /* csv.swift in Sources */ = {isa = PBXBuildFile; fileRef = 9B9A44AA1EDDE0DB004890E2 /* csv.swift */; };
		9B9A44AD1EDDF0FE004890E2 /* PokemonFont.ttf in Resources */ = {isa = PBXBuildFile; fileRef = 9B9A44AC1EDDF0FE004890E2 /* PokemonFont.ttf */; };
		9B9A44AF1EDDF2BF004890E2 /* music-player.png in Resources */ = {isa = PBXBuildFile; fileRef = 9B9A44AE1EDDF2BF004890E2 /* music-player.png */; };
		9B9A44B11EDDF479004890E2 /* pokeMusic.mp3 in Resources */ = {isa = PBXBuildFile; fileRef = 9B9A44B01EDDF479004890E2 /* pokeMusic.mp3 */; };
		9B9A44B31EDE4149004890E2 /* DetailViewController.swift in Sources */ = {isa = PBXBuildFile; fileRef = 9B9A44B21EDE4149004890E2 /* DetailViewController.swift */; };
		9B9A44B51EDE8E37004890E2 /* Constants.swift in Sources */ = {isa = PBXBuildFile; fileRef = 9B9A44B41EDE8E37004890E2 /* Constants.swift */; };
		E409F426105FED90C65FD464 /* Pods_PokeDict.framework in Frameworks */ = {isa = PBXBuildFile; fileRef = D608975EC682B3CA1FE0B89C /* Pods_PokeDict.framework */; };
/* End PBXBuildFile section */

/* Begin PBXContainerItemProxy section */
		9B3B800A1EDCF90D0003E521 /* PBXContainerItemProxy */ = {
			isa = PBXContainerItemProxy;
			containerPortal = 9B3B7FED1EDCF90D0003E521 /* Project object */;
			proxyType = 1;
			remoteGlobalIDString = 9B3B7FF41EDCF90D0003E521;
			remoteInfo = PokeDict;
		};
		9B3B80151EDCF90D0003E521 /* PBXContainerItemProxy */ = {
			isa = PBXContainerItemProxy;
			containerPortal = 9B3B7FED1EDCF90D0003E521 /* Project object */;
			proxyType = 1;
			remoteGlobalIDString = 9B3B7FF41EDCF90D0003E521;
			remoteInfo = PokeDict;
		};
/* End PBXContainerItemProxy section */

/* Begin PBXFileReference section */
		0D8A3F2EEC0320DA500AA906 /* Pods-PokeDict.debug.xcconfig */ = {isa = PBXFileReference; includeInIndex = 1; lastKnownFileType = text.xcconfig; name = "Pods-PokeDict.debug.xcconfig"; path = "Pods/Target Support Files/Pods-PokeDict/Pods-PokeDict.debug.xcconfig"; sourceTree = "<group>"; };
		133685BA24B9E157D6B695C8 /* Pods-PokeDictUITests.debug.xcconfig */ = {isa = PBXFileReference; includeInIndex = 1; lastKnownFileType = text.xcconfig; name = "Pods-PokeDictUITests.debug.xcconfig"; path = "Pods/Target Support Files/Pods-PokeDictUITests/Pods-PokeDictUITests.debug.xcconfig"; sourceTree = "<group>"; };
		24815AA9A970493DEE3C85F3 /* Pods-PokeDictTests.release.xcconfig */ = {isa = PBXFileReference; includeInIndex = 1; lastKnownFileType = text.xcconfig; name = "Pods-PokeDictTests.release.xcconfig"; path = "Pods/Target Support Files/Pods-PokeDictTests/Pods-PokeDictTests.release.xcconfig"; sourceTree = "<group>"; };
		8779BED0764C7305320B3837 /* Pods-PokeDictUITests.release.xcconfig */ = {isa = PBXFileReference; includeInIndex = 1; lastKnownFileType = text.xcconfig; name = "Pods-PokeDictUITests.release.xcconfig"; path = "Pods/Target Support Files/Pods-PokeDictUITests/Pods-PokeDictUITests.release.xcconfig"; sourceTree = "<group>"; };
		9B3B7FF51EDCF90D0003E521 /* PokeDict.app */ = {isa = PBXFileReference; explicitFileType = wrapper.application; includeInIndex = 0; path = PokeDict.app; sourceTree = BUILT_PRODUCTS_DIR; };
		9B3B7FF81EDCF90D0003E521 /* AppDelegate.swift */ = {isa = PBXFileReference; lastKnownFileType = sourcecode.swift; path = AppDelegate.swift; sourceTree = "<group>"; };
		9B3B7FFA1EDCF90D0003E521 /* ViewController.swift */ = {isa = PBXFileReference; lastKnownFileType = sourcecode.swift; path = ViewController.swift; sourceTree = "<group>"; };
		9B3B7FFD1EDCF90D0003E521 /* Base */ = {isa = PBXFileReference; lastKnownFileType = file.storyboard; name = Base; path = Base.lproj/Main.storyboard; sourceTree = "<group>"; };
		9B3B7FFF1EDCF90D0003E521 /* Assets.xcassets */ = {isa = PBXFileReference; lastKnownFileType = folder.assetcatalog; path = Assets.xcassets; sourceTree = "<group>"; };
		9B3B80021EDCF90D0003E521 /* Base */ = {isa = PBXFileReference; lastKnownFileType = file.storyboard; name = Base; path = Base.lproj/LaunchScreen.storyboard; sourceTree = "<group>"; };
		9B3B80041EDCF90D0003E521 /* Info.plist */ = {isa = PBXFileReference; lastKnownFileType = text.plist.xml; path = Info.plist; sourceTree = "<group>"; };
		9B3B80091EDCF90D0003E521 /* PokeDictTests.xctest */ = {isa = PBXFileReference; explicitFileType = wrapper.cfbundle; includeInIndex = 0; path = PokeDictTests.xctest; sourceTree = BUILT_PRODUCTS_DIR; };
		9B3B800D1EDCF90D0003E521 /* PokeDictTests.swift */ = {isa = PBXFileReference; lastKnownFileType = sourcecode.swift; path = PokeDictTests.swift; sourceTree = "<group>"; };
		9B3B800F1EDCF90D0003E521 /* Info.plist */ = {isa = PBXFileReference; lastKnownFileType = text.plist.xml; path = Info.plist; sourceTree = "<group>"; };
		9B3B80141EDCF90D0003E521 /* PokeDictUITests.xctest */ = {isa = PBXFileReference; explicitFileType = wrapper.cfbundle; includeInIndex = 0; path = PokeDictUITests.xctest; sourceTree = BUILT_PRODUCTS_DIR; };
		9B3B80181EDCF90D0003E521 /* PokeDictUITests.swift */ = {isa = PBXFileReference; lastKnownFileType = sourcecode.swift; path = PokeDictUITests.swift; sourceTree = "<group>"; };
		9B3B801A1EDCF90D0003E521 /* Info.plist */ = {isa = PBXFileReference; lastKnownFileType = text.plist.xml; path = Info.plist; sourceTree = "<group>"; };
		9B4F1F9D1EE1DF060075B177 /* PimPoy.wav */ = {isa = PBXFileReference; lastKnownFileType = audio.wav; path = PimPoy.wav; sourceTree = "<group>"; };
		9B9A44A11EDD0A1B004890E2 /* pokemon.csv */ = {isa = PBXFileReference; fileEncoding = 4; lastKnownFileType = text; path = pokemon.csv; sourceTree = "<group>"; };
		9B9A44A51EDD0B9A004890E2 /* Pokemon.swift */ = {isa = PBXFileReference; fileEncoding = 4; lastKnownFileType = sourcecode.swift; path = Pokemon.swift; sourceTree = "<group>"; };
		9B9A44A81EDD1942004890E2 /* PokeCollectionViewCell.swift */ = {isa = PBXFileReference; fileEncoding = 4; lastKnownFileType = sourcecode.swift; path = PokeCollectionViewCell.swift; sourceTree = "<group>"; };
		9B9A44AA1EDDE0DB004890E2 /* csv.swift */ = {isa = PBXFileReference; fileEncoding = 4; lastKnownFileType = sourcecode.swift; path = csv.swift; sourceTree = "<group>"; };
		9B9A44AC1EDDF0FE004890E2 /* PokemonFont.ttf */ = {isa = PBXFileReference; lastKnownFileType = file; path = PokemonFont.ttf; sourceTree = "<group>"; };
		9B9A44AE1EDDF2BF004890E2 /* music-player.png */ = {isa = PBXFileReference; lastKnownFileType = image.png; path = "music-player.png"; sourceTree = "<group>"; };
		9B9A44B01EDDF479004890E2 /* pokeMusic.mp3 */ = {isa = PBXFileReference; lastKnownFileType = audio.mp3; path = pokeMusic.mp3; sourceTree = "<group>"; };
		9B9A44B21EDE4149004890E2 /* DetailViewController.swift */ = {isa = PBXFileReference; fileEncoding = 4; lastKnownFileType = sourcecode.swift; path = DetailViewController.swift; sourceTree = "<group>"; };
		9B9A44B41EDE8E37004890E2 /* Constants.swift */ = {isa = PBXFileReference; fileEncoding = 4; lastKnownFileType = sourcecode.swift; path = Constants.swift; sourceTree = "<group>"; };
		B118E0B183B3CDB86BE750C3 /* Pods_PokeDictUITests.framework */ = {isa = PBXFileReference; explicitFileType = wrapper.framework; includeInIndex = 0; path = Pods_PokeDictUITests.framework; sourceTree = BUILT_PRODUCTS_DIR; };
		CB5CD03A11FB35BA4A85087F /* Pods_PokeDictTests.framework */ = {isa = PBXFileReference; explicitFileType = wrapper.framework; includeInIndex = 0; path = Pods_PokeDictTests.framework; sourceTree = BUILT_PRODUCTS_DIR; };
		D608975EC682B3CA1FE0B89C /* Pods_PokeDict.framework */ = {isa = PBXFileReference; explicitFileType = wrapper.framework; includeInIndex = 0; path = Pods_PokeDict.framework; sourceTree = BUILT_PRODUCTS_DIR; };
		E3F3D12067E32DB57E0AFE2F /* Pods-PokeDictTests.debug.xcconfig */ = {isa = PBXFileReference; includeInIndex = 1; lastKnownFileType = text.xcconfig; name = "Pods-PokeDictTests.debug.xcconfig"; path = "Pods/Target Support Files/Pods-PokeDictTests/Pods-PokeDictTests.debug.xcconfig"; sourceTree = "<group>"; };
		F4162257108F673DA2C58BD0 /* Pods-PokeDict.release.xcconfig */ = {isa = PBXFileReference; includeInIndex = 1; lastKnownFileType = text.xcconfig; name = "Pods-PokeDict.release.xcconfig"; path = "Pods/Target Support Files/Pods-PokeDict/Pods-PokeDict.release.xcconfig"; sourceTree = "<group>"; };
/* End PBXFileReference section */

/* Begin PBXFrameworksBuildPhase section */
		9B3B7FF21EDCF90D0003E521 /* Frameworks */ = {
			isa = PBXFrameworksBuildPhase;
			buildActionMask = 2147483647;
			files = (
				E409F426105FED90C65FD464 /* Pods_PokeDict.framework in Frameworks */,
			);
			runOnlyForDeploymentPostprocessing = 0;
		};
		9B3B80061EDCF90D0003E521 /* Frameworks */ = {
			isa = PBXFrameworksBuildPhase;
			buildActionMask = 2147483647;
			files = (
				1A8891B45B162D250F9EBEFA /* Pods_PokeDictTests.framework in Frameworks */,
			);
			runOnlyForDeploymentPostprocessing = 0;
		};
		9B3B80111EDCF90D0003E521 /* Frameworks */ = {
			isa = PBXFrameworksBuildPhase;
			buildActionMask = 2147483647;
			files = (
				4BD291B6CF2345460C8A0CB4 /* Pods_PokeDictUITests.framework in Frameworks */,
			);
			runOnlyForDeploymentPostprocessing = 0;
		};
/* End PBXFrameworksBuildPhase section */

/* Begin PBXGroup section */
		6A35274C5BE4D473A5E9138E /* Pods */ = {
			isa = PBXGroup;
			children = (
				0D8A3F2EEC0320DA500AA906 /* Pods-PokeDict.debug.xcconfig */,
				F4162257108F673DA2C58BD0 /* Pods-PokeDict.release.xcconfig */,
				E3F3D12067E32DB57E0AFE2F /* Pods-PokeDictTests.debug.xcconfig */,
				24815AA9A970493DEE3C85F3 /* Pods-PokeDictTests.release.xcconfig */,
				133685BA24B9E157D6B695C8 /* Pods-PokeDictUITests.debug.xcconfig */,
				8779BED0764C7305320B3837 /* Pods-PokeDictUITests.release.xcconfig */,
			);
			name = Pods;
			sourceTree = "<group>";
		};
		9B3B7FEC1EDCF90D0003E521 = {
			isa = PBXGroup;
			children = (
				9B3B7FF71EDCF90D0003E521 /* PokeDict */,
				9B3B800C1EDCF90D0003E521 /* PokeDictTests */,
				9B3B80171EDCF90D0003E521 /* PokeDictUITests */,
				9B3B7FF61EDCF90D0003E521 /* Products */,
				6A35274C5BE4D473A5E9138E /* Pods */,
				FE39682920C92959755BA611 /* Frameworks */,
			);
			sourceTree = "<group>";
		};
		9B3B7FF61EDCF90D0003E521 /* Products */ = {
			isa = PBXGroup;
			children = (
				9B3B7FF51EDCF90D0003E521 /* PokeDict.app */,
				9B3B80091EDCF90D0003E521 /* PokeDictTests.xctest */,
				9B3B80141EDCF90D0003E521 /* PokeDictUITests.xctest */,
			);
			name = Products;
			sourceTree = "<group>";
		};
		9B3B7FF71EDCF90D0003E521 /* PokeDict */ = {
			isa = PBXGroup;
			children = (
				9B9A44A71EDD1920004890E2 /* View */,
				9B9A44A41EDD0B80004890E2 /* Model */,
				9B3B7FF81EDCF90D0003E521 /* AppDelegate.swift */,
				9B9A44AC1EDDF0FE004890E2 /* PokemonFont.ttf */,
				9B9A44AE1EDDF2BF004890E2 /* music-player.png */,
				9B9A44B01EDDF479004890E2 /* pokeMusic.mp3 */,
				9B4F1F9D1EE1DF060075B177 /* PimPoy.wav */,
				9B3B7FFA1EDCF90D0003E521 /* ViewController.swift */,
				9B9A44B21EDE4149004890E2 /* DetailViewController.swift */,
				9B3B7FFC1EDCF90D0003E521 /* Main.storyboard */,
				9B3B7FFF1EDCF90D0003E521 /* Assets.xcassets */,
				9B3B80011EDCF90D0003E521 /* LaunchScreen.storyboard */,
				9B9A44A11EDD0A1B004890E2 /* pokemon.csv */,
				9B3B80041EDCF90D0003E521 /* Info.plist */,
			);
			path = PokeDict;
			sourceTree = "<group>";
		};
		9B3B800C1EDCF90D0003E521 /* PokeDictTests */ = {
			isa = PBXGroup;
			children = (
				9B3B800D1EDCF90D0003E521 /* PokeDictTests.swift */,
				9B3B800F1EDCF90D0003E521 /* Info.plist */,
			);
			path = PokeDictTests;
			sourceTree = "<group>";
		};
		9B3B80171EDCF90D0003E521 /* PokeDictUITests */ = {
			isa = PBXGroup;
			children = (
				9B3B80181EDCF90D0003E521 /* PokeDictUITests.swift */,
				9B3B801A1EDCF90D0003E521 /* Info.plist */,
			);
			path = PokeDictUITests;
			sourceTree = "<group>";
		};
		9B9A44A41EDD0B80004890E2 /* Model */ = {
			isa = PBXGroup;
			children = (
				9B9A44AA1EDDE0DB004890E2 /* csv.swift */,
				9B9A44A51EDD0B9A004890E2 /* Pokemon.swift */,
				9B9A44B41EDE8E37004890E2 /* Constants.swift */,
			);
			name = Model;
			sourceTree = "<group>";
		};
		9B9A44A71EDD1920004890E2 /* View */ = {
			isa = PBXGroup;
			children = (
				9B9A44A81EDD1942004890E2 /* PokeCollectionViewCell.swift */,
			);
			name = View;
			sourceTree = "<group>";
		};
		FE39682920C92959755BA611 /* Frameworks */ = {
			isa = PBXGroup;
			children = (
				D608975EC682B3CA1FE0B89C /* Pods_PokeDict.framework */,
				CB5CD03A11FB35BA4A85087F /* Pods_PokeDictTests.framework */,
				B118E0B183B3CDB86BE750C3 /* Pods_PokeDictUITests.framework */,
			);
			name = Frameworks;
			sourceTree = "<group>";
		};
/* End PBXGroup section */

/* Begin PBXNativeTarget section */
		9B3B7FF41EDCF90D0003E521 /* PokeDict */ = {
			isa = PBXNativeTarget;
			buildConfigurationList = 9B3B801D1EDCF90D0003E521 /* Build configuration list for PBXNativeTarget "PokeDict" */;
			buildPhases = (
				92C869FDF54031D8B220194C /* [CP] Check Pods Manifest.lock */,
				9B3B7FF11EDCF90D0003E521 /* Sources */,
				9B3B7FF21EDCF90D0003E521 /* Frameworks */,
				9B3B7FF31EDCF90D0003E521 /* Resources */,
				FF5D55C4F075FB3D5D0DC7CB /* [CP] Embed Pods Frameworks */,
				08FD37743581D586BF1AAD6D /* [CP] Copy Pods Resources */,
			);
			buildRules = (
			);
			dependencies = (
			);
			name = PokeDict;
			productName = PokeDict;
			productReference = 9B3B7FF51EDCF90D0003E521 /* PokeDict.app */;
			productType = "com.apple.product-type.application";
		};
		9B3B80081EDCF90D0003E521 /* PokeDictTests */ = {
			isa = PBXNativeTarget;
			buildConfigurationList = 9B3B80201EDCF90D0003E521 /* Build configuration list for PBXNativeTarget "PokeDictTests" */;
			buildPhases = (
				86C7F3B96528D87CB8DB69EF /* [CP] Check Pods Manifest.lock */,
				9B3B80051EDCF90D0003E521 /* Sources */,
				9B3B80061EDCF90D0003E521 /* Frameworks */,
				9B3B80071EDCF90D0003E521 /* Resources */,
				B97CEB0F35122963BF52B3B4 /* [CP] Embed Pods Frameworks */,
				B4358B5CA90944AC1DBA25E9 /* [CP] Copy Pods Resources */,
			);
			buildRules = (
			);
			dependencies = (
				9B3B800B1EDCF90D0003E521 /* PBXTargetDependency */,
			);
			name = PokeDictTests;
			productName = PokeDictTests;
			productReference = 9B3B80091EDCF90D0003E521 /* PokeDictTests.xctest */;
			productType = "com.apple.product-type.bundle.unit-test";
		};
		9B3B80131EDCF90D0003E521 /* PokeDictUITests */ = {
			isa = PBXNativeTarget;
			buildConfigurationList = 9B3B80231EDCF90D0003E521 /* Build configuration list for PBXNativeTarget "PokeDictUITests" */;
			buildPhases = (
				FD3307A0655591A3D81F2F7F /* [CP] Check Pods Manifest.lock */,
				9B3B80101EDCF90D0003E521 /* Sources */,
				9B3B80111EDCF90D0003E521 /* Frameworks */,
				9B3B80121EDCF90D0003E521 /* Resources */,
				76CAC95E97841C0372E0DA11 /* [CP] Embed Pods Frameworks */,
				3B425C09DF61A912914E82F6 /* [CP] Copy Pods Resources */,
			);
			buildRules = (
			);
			dependencies = (
				9B3B80161EDCF90D0003E521 /* PBXTargetDependency */,
			);
			name = PokeDictUITests;
			productName = PokeDictUITests;
			productReference = 9B3B80141EDCF90D0003E521 /* PokeDictUITests.xctest */;
			productType = "com.apple.product-type.bundle.ui-testing";
		};
/* End PBXNativeTarget section */

/* Begin PBXProject section */
		9B3B7FED1EDCF90D0003E521 /* Project object */ = {
			isa = PBXProject;
			attributes = {
				LastSwiftUpdateCheck = 0830;
				LastUpgradeCheck = 0830;
				ORGANIZATIONNAME = Madhusudhan;
				TargetAttributes = {
					9B3B7FF41EDCF90D0003E521 = {
						CreatedOnToolsVersion = 8.3.2;
						DevelopmentTeam = LMAKNJ77KL;
						LastSwiftMigration = 0830;
						ProvisioningStyle = Automatic;
					};
					9B3B80081EDCF90D0003E521 = {
						CreatedOnToolsVersion = 8.3.2;
						DevelopmentTeam = LXKYY3Z6TA;
						LastSwiftMigration = 0830;
						ProvisioningStyle = Automatic;
						TestTargetID = 9B3B7FF41EDCF90D0003E521;
					};
					9B3B80131EDCF90D0003E521 = {
						CreatedOnToolsVersion = 8.3.2;
						DevelopmentTeam = LXKYY3Z6TA;
						LastSwiftMigration = 0830;
						ProvisioningStyle = Automatic;
						TestTargetID = 9B3B7FF41EDCF90D0003E521;
					};
				};
			};
			buildConfigurationList = 9B3B7FF01EDCF90D0003E521 /* Build configuration list for PBXProject "PokeDict" */;
			compatibilityVersion = "Xcode 3.2";
			developmentRegion = English;
			hasScannedForEncodings = 0;
			knownRegions = (
				en,
				Base,
			);
			mainGroup = 9B3B7FEC1EDCF90D0003E521;
			productRefGroup = 9B3B7FF61EDCF90D0003E521 /* Products */;
			projectDirPath = "";
			projectRoot = "";
			targets = (
				9B3B7FF41EDCF90D0003E521 /* PokeDict */,
				9B3B80081EDCF90D0003E521 /* PokeDictTests */,
				9B3B80131EDCF90D0003E521 /* PokeDictUITests */,
			);
		};
/* End PBXProject section */

/* Begin PBXResourcesBuildPhase section */
		9B3B7FF31EDCF90D0003E521 /* Resources */ = {
			isa = PBXResourcesBuildPhase;
			buildActionMask = 2147483647;
			files = (
				9B9A44AD1EDDF0FE004890E2 /* PokemonFont.ttf in Resources */,
				9B3B80031EDCF90D0003E521 /* LaunchScreen.storyboard in Resources */,
				9B9A44AF1EDDF2BF004890E2 /* music-player.png in Resources */,
				9B3B80001EDCF90D0003E521 /* Assets.xcassets in Resources */,
				9B4F1F9E1EE1DF060075B177 /* PimPoy.wav in Resources */,
				9B9A44A21EDD0A1B004890E2 /* pokemon.csv in Resources */,
				9B9A44B11EDDF479004890E2 /* pokeMusic.mp3 in Resources */,
				9B3B7FFE1EDCF90D0003E521 /* Main.storyboard in Resources */,
			);
			runOnlyForDeploymentPostprocessing = 0;
		};
		9B3B80071EDCF90D0003E521 /* Resources */ = {
			isa = PBXResourcesBuildPhase;
			buildActionMask = 2147483647;
			files = (
			);
			runOnlyForDeploymentPostprocessing = 0;
		};
		9B3B80121EDCF90D0003E521 /* Resources */ = {
			isa = PBXResourcesBuildPhase;
			buildActionMask = 2147483647;
			files = (
			);
			runOnlyForDeploymentPostprocessing = 0;
		};
/* End PBXResourcesBuildPhase section */

/* Begin PBXShellScriptBuildPhase section */
		08FD37743581D586BF1AAD6D /* [CP] Copy Pods Resources */ = {
			isa = PBXShellScriptBuildPhase;
			buildActionMask = 2147483647;
			files = (
			);
			inputPaths = (
			);
			name = "[CP] Copy Pods Resources";
			outputPaths = (
			);
			runOnlyForDeploymentPostprocessing = 0;
			shellPath = /bin/sh;
			shellScript = "\"${SRCROOT}/Pods/Target Support Files/Pods-PokeDict/Pods-PokeDict-resources.sh\"\n";
			showEnvVarsInLog = 0;
		};
		3B425C09DF61A912914E82F6 /* [CP] Copy Pods Resources */ = {
			isa = PBXShellScriptBuildPhase;
			buildActionMask = 2147483647;
			files = (
			);
			inputPaths = (
			);
			name = "[CP] Copy Pods Resources";
			outputPaths = (
			);
			runOnlyForDeploymentPostprocessing = 0;
			shellPath = /bin/sh;
			shellScript = "\"${SRCROOT}/Pods/Target Support Files/Pods-PokeDictUITests/Pods-PokeDictUITests-resources.sh\"\n";
			showEnvVarsInLog = 0;
		};
		76CAC95E97841C0372E0DA11 /* [CP] Embed Pods Frameworks */ = {
			isa = PBXShellScriptBuildPhase;
			buildActionMask = 2147483647;
			files = (
			);
			inputPaths = (
			);
			name = "[CP] Embed Pods Frameworks";
			outputPaths = (
			);
			runOnlyForDeploymentPostprocessing = 0;
			shellPath = /bin/sh;
			shellScript = "\"${SRCROOT}/Pods/Target Support Files/Pods-PokeDictUITests/Pods-PokeDictUITests-frameworks.sh\"\n";
			showEnvVarsInLog = 0;
		};
		86C7F3B96528D87CB8DB69EF /* [CP] Check Pods Manifest.lock */ = {
			isa = PBXShellScriptBuildPhase;
			buildActionMask = 2147483647;
			files = (
			);
			inputPaths = (
			);
			name = "[CP] Check Pods Manifest.lock";
			outputPaths = (
			);
			runOnlyForDeploymentPostprocessing = 0;
			shellPath = /bin/sh;
			shellScript = "diff \"${PODS_PODFILE_DIR_PATH}/Podfile.lock\" \"${PODS_ROOT}/Manifest.lock\" > /dev/null\nif [ $? != 0 ] ; then\n    # print error to STDERR\n    echo \"error: The sandbox is not in sync with the Podfile.lock. Run 'pod install' or update your CocoaPods installation.\" >&2\n    exit 1\nfi\n";
			showEnvVarsInLog = 0;
		};
		92C869FDF54031D8B220194C /* [CP] Check Pods Manifest.lock */ = {
			isa = PBXShellScriptBuildPhase;
			buildActionMask = 2147483647;
			files = (
			);
			inputPaths = (
			);
			name = "[CP] Check Pods Manifest.lock";
			outputPaths = (
			);
			runOnlyForDeploymentPostprocessing = 0;
			shellPath = /bin/sh;
			shellScript = "diff \"${PODS_PODFILE_DIR_PATH}/Podfile.lock\" \"${PODS_ROOT}/Manifest.lock\" > /dev/null\nif [ $? != 0 ] ; then\n    # print error to STDERR\n    echo \"error: The sandbox is not in sync with the Podfile.lock. Run 'pod install' or update your CocoaPods installation.\" >&2\n    exit 1\nfi\n";
			showEnvVarsInLog = 0;
		};
		B4358B5CA90944AC1DBA25E9 /* [CP] Copy Pods Resources */ = {
			isa = PBXShellScriptBuildPhase;
			buildActionMask = 2147483647;
			files = (
			);
			inputPaths = (
			);
			name = "[CP] Copy Pods Resources";
			outputPaths = (
			);
			runOnlyForDeploymentPostprocessing = 0;
			shellPath = /bin/sh;
			shellScript = "\"${SRCROOT}/Pods/Target Support Files/Pods-PokeDictTests/Pods-PokeDictTests-resources.sh\"\n";
			showEnvVarsInLog = 0;
		};
		B97CEB0F35122963BF52B3B4 /* [CP] Embed Pods Frameworks */ = {
			isa = PBXShellScriptBuildPhase;
			buildActionMask = 2147483647;
			files = (
			);
			inputPaths = (
			);
			name = "[CP] Embed Pods Frameworks";
			outputPaths = (
			);
			runOnlyForDeploymentPostprocessing = 0;
			shellPath = /bin/sh;
			shellScript = "\"${SRCROOT}/Pods/Target Support Files/Pods-PokeDictTests/Pods-PokeDictTests-frameworks.sh\"\n";
			showEnvVarsInLog = 0;
		};
		FD3307A0655591A3D81F2F7F /* [CP] Check Pods Manifest.lock */ = {
			isa = PBXShellScriptBuildPhase;
			buildActionMask = 2147483647;
			files = (
			);
			inputPaths = (
			);
			name = "[CP] Check Pods Manifest.lock";
			outputPaths = (
			);
			runOnlyForDeploymentPostprocessing = 0;
			shellPath = /bin/sh;
			shellScript = "diff \"${PODS_PODFILE_DIR_PATH}/Podfile.lock\" \"${PODS_ROOT}/Manifest.lock\" > /dev/null\nif [ $? != 0 ] ; then\n    # print error to STDERR\n    echo \"error: The sandbox is not in sync with the Podfile.lock. Run 'pod install' or update your CocoaPods installation.\" >&2\n    exit 1\nfi\n";
			showEnvVarsInLog = 0;
		};
		FF5D55C4F075FB3D5D0DC7CB /* [CP] Embed Pods Frameworks */ = {
			isa = PBXShellScriptBuildPhase;
			buildActionMask = 2147483647;
			files = (
			);
			inputPaths = (
			);
			name = "[CP] Embed Pods Frameworks";
			outputPaths = (
			);
			runOnlyForDeploymentPostprocessing = 0;
			shellPath = /bin/sh;
			shellScript = "\"${SRCROOT}/Pods/Target Support Files/Pods-PokeDict/Pods-PokeDict-frameworks.sh\"\n";
			showEnvVarsInLog = 0;
		};
/* End PBXShellScriptBuildPhase section */

/* Begin PBXSourcesBuildPhase section */
		9B3B7FF11EDCF90D0003E521 /* Sources */ = {
			isa = PBXSourcesBuildPhase;
			buildActionMask = 2147483647;
			files = (
				9B3B7FFB1EDCF90D0003E521 /* ViewController.swift in Sources */,
				9B9A44A91EDD1942004890E2 /* PokeCollectionViewCell.swift in Sources */,
				9B3B7FF91EDCF90D0003E521 /* AppDelegate.swift in Sources */,
				9B9A44B31EDE4149004890E2 /* DetailViewController.swift in Sources */,
				9B9A44B51EDE8E37004890E2 /* Constants.swift in Sources */,
				9B9A44A61EDD0B9A004890E2 /* Pokemon.swift in Sources */,
				9B9A44AB1EDDE0DB004890E2 /* csv.swift in Sources */,
			);
			runOnlyForDeploymentPostprocessing = 0;
		};
		9B3B80051EDCF90D0003E521 /* Sources */ = {
			isa = PBXSourcesBuildPhase;
			buildActionMask = 2147483647;
			files = (
				9B3B800E1EDCF90D0003E521 /* PokeDictTests.swift in Sources */,
			);
			runOnlyForDeploymentPostprocessing = 0;
		};
		9B3B80101EDCF90D0003E521 /* Sources */ = {
			isa = PBXSourcesBuildPhase;
			buildActionMask = 2147483647;
			files = (
				9B3B80191EDCF90D0003E521 /* PokeDictUITests.swift in Sources */,
			);
			runOnlyForDeploymentPostprocessing = 0;
		};
/* End PBXSourcesBuildPhase section */

/* Begin PBXTargetDependency section */
		9B3B800B1EDCF90D0003E521 /* PBXTargetDependency */ = {
			isa = PBXTargetDependency;
			target = 9B3B7FF41EDCF90D0003E521 /* PokeDict */;
			targetProxy = 9B3B800A1EDCF90D0003E521 /* PBXContainerItemProxy */;
		};
		9B3B80161EDCF90D0003E521 /* PBXTargetDependency */ = {
			isa = PBXTargetDependency;
			target = 9B3B7FF41EDCF90D0003E521 /* PokeDict */;
			targetProxy = 9B3B80151EDCF90D0003E521 /* PBXContainerItemProxy */;
		};
/* End PBXTargetDependency section */

/* Begin PBXVariantGroup section */
		9B3B7FFC1EDCF90D0003E521 /* Main.storyboard */ = {
			isa = PBXVariantGroup;
			children = (
				9B3B7FFD1EDCF90D0003E521 /* Base */,
			);
			name = Main.storyboard;
			sourceTree = "<group>";
		};
		9B3B80011EDCF90D0003E521 /* LaunchScreen.storyboard */ = {
			isa = PBXVariantGroup;
			children = (
				9B3B80021EDCF90D0003E521 /* Base */,
			);
			name = LaunchScreen.storyboard;
			sourceTree = "<group>";
		};
/* End PBXVariantGroup section */

/* Begin XCBuildConfiguration section */
		9B3B801B1EDCF90D0003E521 /* Debug */ = {
			isa = XCBuildConfiguration;
			buildSettings = {
				ALWAYS_SEARCH_USER_PATHS = NO;
				CLANG_ANALYZER_NONNULL = YES;
				CLANG_ANALYZER_NUMBER_OBJECT_CONVERSION = YES_AGGRESSIVE;
				CLANG_CXX_LANGUAGE_STANDARD = "gnu++0x";
				CLANG_CXX_LIBRARY = "libc++";
				CLANG_ENABLE_MODULES = YES;
				CLANG_ENABLE_OBJC_ARC = YES;
				CLANG_WARN_BOOL_CONVERSION = YES;
				CLANG_WARN_CONSTANT_CONVERSION = YES;
				CLANG_WARN_DIRECT_OBJC_ISA_USAGE = YES_ERROR;
				CLANG_WARN_DOCUMENTATION_COMMENTS = YES;
				CLANG_WARN_EMPTY_BODY = YES;
				CLANG_WARN_ENUM_CONVERSION = YES;
				CLANG_WARN_INFINITE_RECURSION = YES;
				CLANG_WARN_INT_CONVERSION = YES;
				CLANG_WARN_OBJC_ROOT_CLASS = YES_ERROR;
				CLANG_WARN_SUSPICIOUS_MOVE = YES;
				CLANG_WARN_UNREACHABLE_CODE = YES;
				CLANG_WARN__DUPLICATE_METHOD_MATCH = YES;
				"CODE_SIGN_IDENTITY[sdk=iphoneos*]" = "iPhone Developer";
				COPY_PHASE_STRIP = NO;
				DEBUG_INFORMATION_FORMAT = dwarf;
				ENABLE_STRICT_OBJC_MSGSEND = YES;
				ENABLE_TESTABILITY = YES;
				GCC_C_LANGUAGE_STANDARD = gnu99;
				GCC_DYNAMIC_NO_PIC = NO;
				GCC_NO_COMMON_BLOCKS = YES;
				GCC_OPTIMIZATION_LEVEL = 0;
				GCC_PREPROCESSOR_DEFINITIONS = (
					"DEBUG=1",
					"$(inherited)",
				);
				GCC_WARN_64_TO_32_BIT_CONVERSION = YES;
				GCC_WARN_ABOUT_RETURN_TYPE = YES_ERROR;
				GCC_WARN_UNDECLARED_SELECTOR = YES;
				GCC_WARN_UNINITIALIZED_AUTOS = YES_AGGRESSIVE;
				GCC_WARN_UNUSED_FUNCTION = YES;
				GCC_WARN_UNUSED_VARIABLE = YES;
				IPHONEOS_DEPLOYMENT_TARGET = 10.3;
				MTL_ENABLE_DEBUG_INFO = YES;
				ONLY_ACTIVE_ARCH = YES;
				SDKROOT = iphoneos;
				SWIFT_ACTIVE_COMPILATION_CONDITIONS = DEBUG;
				SWIFT_OPTIMIZATION_LEVEL = "-Onone";
			};
			name = Debug;
		};
		9B3B801C1EDCF90D0003E521 /* Release */ = {
			isa = XCBuildConfiguration;
			buildSettings = {
				ALWAYS_SEARCH_USER_PATHS = NO;
				CLANG_ANALYZER_NONNULL = YES;
				CLANG_ANALYZER_NUMBER_OBJECT_CONVERSION = YES_AGGRESSIVE;
				CLANG_CXX_LANGUAGE_STANDARD = "gnu++0x";
				CLANG_CXX_LIBRARY = "libc++";
				CLANG_ENABLE_MODULES = YES;
				CLANG_ENABLE_OBJC_ARC = YES;
				CLANG_WARN_BOOL_CONVERSION = YES;
				CLANG_WARN_CONSTANT_CONVERSION = YES;
				CLANG_WARN_DIRECT_OBJC_ISA_USAGE = YES_ERROR;
				CLANG_WARN_DOCUMENTATION_COMMENTS = YES;
				CLANG_WARN_EMPTY_BODY = YES;
				CLANG_WARN_ENUM_CONVERSION = YES;
				CLANG_WARN_INFINITE_RECURSION = YES;
				CLANG_WARN_INT_CONVERSION = YES;
				CLANG_WARN_OBJC_ROOT_CLASS = YES_ERROR;
				CLANG_WARN_SUSPICIOUS_MOVE = YES;
				CLANG_WARN_UNREACHABLE_CODE = YES;
				CLANG_WARN__DUPLICATE_METHOD_MATCH = YES;
				"CODE_SIGN_IDENTITY[sdk=iphoneos*]" = "iPhone Developer";
				COPY_PHASE_STRIP = NO;
				DEBUG_INFORMATION_FORMAT = "dwarf-with-dsym";
				ENABLE_NS_ASSERTIONS = NO;
				ENABLE_STRICT_OBJC_MSGSEND = YES;
				GCC_C_LANGUAGE_STANDARD = gnu99;
				GCC_NO_COMMON_BLOCKS = YES;
				GCC_WARN_64_TO_32_BIT_CONVERSION = YES;
				GCC_WARN_ABOUT_RETURN_TYPE = YES_ERROR;
				GCC_WARN_UNDECLARED_SELECTOR = YES;
				GCC_WARN_UNINITIALIZED_AUTOS = YES_AGGRESSIVE;
				GCC_WARN_UNUSED_FUNCTION = YES;
				GCC_WARN_UNUSED_VARIABLE = YES;
				IPHONEOS_DEPLOYMENT_TARGET = 10.3;
				MTL_ENABLE_DEBUG_INFO = NO;
				SDKROOT = iphoneos;
				SWIFT_OPTIMIZATION_LEVEL = "-Owholemodule";
				VALIDATE_PRODUCT = YES;
			};
			name = Release;
		};
		9B3B801E1EDCF90D0003E521 /* Debug */ = {
			isa = XCBuildConfiguration;
			baseConfigurationReference = 0D8A3F2EEC0320DA500AA906 /* Pods-PokeDict.debug.xcconfig */;
			buildSettings = {
				ASSETCATALOG_COMPILER_APPICON_NAME = AppIcon;
				CODE_SIGN_IDENTITY = "iPhone Developer";
				"CODE_SIGN_IDENTITY[sdk=iphoneos*]" = "iPhone Developer";
				DEVELOPMENT_TEAM = "";
				INFOPLIST_FILE = PokeDict/Info.plist;
				IPHONEOS_DEPLOYMENT_TARGET = 10.0;
				LD_RUNPATH_SEARCH_PATHS = "$(inherited) @executable_path/Frameworks";
				PRODUCT_BUNDLE_IDENTIFIER = com.brmadhusudhan.PokeDict;
				PRODUCT_NAME = "$(TARGET_NAME)";
				PROVISIONING_PROFILE = "";
				PROVISIONING_PROFILE_SPECIFIER = "";
				SWIFT_VERSION = 3.0;
				TARGETED_DEVICE_FAMILY = 1;
			};
			name = Debug;
		};
		9B3B801F1EDCF90D0003E521 /* Release */ = {
			isa = XCBuildConfiguration;
			baseConfigurationReference = F4162257108F673DA2C58BD0 /* Pods-PokeDict.release.xcconfig */;
			buildSettings = {
				ASSETCATALOG_COMPILER_APPICON_NAME = AppIcon;
				CODE_SIGN_IDENTITY = "iPhone Developer";
				"CODE_SIGN_IDENTITY[sdk=iphoneos*]" = "iPhone Developer";
				DEVELOPMENT_TEAM = "";
				INFOPLIST_FILE = PokeDict/Info.plist;
				IPHONEOS_DEPLOYMENT_TARGET = 10.0;
				LD_RUNPATH_SEARCH_PATHS = "$(inherited) @executable_path/Frameworks";
				PRODUCT_BUNDLE_IDENTIFIER = com.brmadhusudhan.PokeDict;
				PRODUCT_NAME = "$(TARGET_NAME)";
				PROVISIONING_PROFILE = "";
				PROVISIONING_PROFILE_SPECIFIER = "";
				SWIFT_VERSION = 3.0;
				TARGETED_DEVICE_FAMILY = 1;
			};
			name = Release;
		};
		9B3B80211EDCF90D0003E521 /* Debug */ = {
			isa = XCBuildConfiguration;
			baseConfigurationReference = E3F3D12067E32DB57E0AFE2F /* Pods-PokeDictTests.debug.xcconfig */;
			buildSettings = {
				ALWAYS_EMBED_SWIFT_STANDARD_LIBRARIES = YES;
				BUNDLE_LOADER = "$(TEST_HOST)";
				DEVELOPMENT_TEAM = LXKYY3Z6TA;
				INFOPLIST_FILE = PokeDictTests/Info.plist;
				LD_RUNPATH_SEARCH_PATHS = "$(inherited) @executable_path/Frameworks @loader_path/Frameworks";
				PRODUCT_BUNDLE_IDENTIFIER = com.madhusudhanbr.PokeDictTests;
				PRODUCT_NAME = "$(TARGET_NAME)";
				SWIFT_VERSION = 3.0;
				TEST_HOST = "$(BUILT_PRODUCTS_DIR)/PokeDict.app/PokeDict";
			};
			name = Debug;
		};
		9B3B80221EDCF90D0003E521 /* Release */ = {
			isa = XCBuildConfiguration;
			baseConfigurationReference = 24815AA9A970493DEE3C85F3 /* Pods-PokeDictTests.release.xcconfig */;
			buildSettings = {
				ALWAYS_EMBED_SWIFT_STANDARD_LIBRARIES = YES;
				BUNDLE_LOADER = "$(TEST_HOST)";
				DEVELOPMENT_TEAM = LXKYY3Z6TA;
				INFOPLIST_FILE = PokeDictTests/Info.plist;
				LD_RUNPATH_SEARCH_PATHS = "$(inherited) @executable_path/Frameworks @loader_path/Frameworks";
				PRODUCT_BUNDLE_IDENTIFIER = com.madhusudhanbr.PokeDictTests;
				PRODUCT_NAME = "$(TARGET_NAME)";
				SWIFT_VERSION = 3.0;
				TEST_HOST = "$(BUILT_PRODUCTS_DIR)/PokeDict.app/PokeDict";
			};
			name = Release;
		};
		9B3B80241EDCF90D0003E521 /* Debug */ = {
			isa = XCBuildConfiguration;
			baseConfigurationReference = 133685BA24B9E157D6B695C8 /* Pods-PokeDictUITests.debug.xcconfig */;
			buildSettings = {
				ALWAYS_EMBED_SWIFT_STANDARD_LIBRARIES = YES;
				DEVELOPMENT_TEAM = LXKYY3Z6TA;
				INFOPLIST_FILE = PokeDictUITests/Info.plist;
				LD_RUNPATH_SEARCH_PATHS = "$(inherited) @executable_path/Frameworks @loader_path/Frameworks";
				PRODUCT_BUNDLE_IDENTIFIER = com.madhusudhanbr.PokeDictUITests;
				PRODUCT_NAME = "$(TARGET_NAME)";
				SWIFT_VERSION = 3.0;
				TEST_TARGET_NAME = PokeDict;
			};
			name = Debug;
		};
		9B3B80251EDCF90D0003E521 /* Release */ = {
			isa = XCBuildConfiguration;
			baseConfigurationReference = 8779BED0764C7305320B3837 /* Pods-PokeDictUITests.release.xcconfig */;
			buildSettings = {
				ALWAYS_EMBED_SWIFT_STANDARD_LIBRARIES = YES;
				DEVELOPMENT_TEAM = LXKYY3Z6TA;
				INFOPLIST_FILE = PokeDictUITests/Info.plist;
				LD_RUNPATH_SEARCH_PATHS = "$(inherited) @executable_path/Frameworks @loader_path/Frameworks";
				PRODUCT_BUNDLE_IDENTIFIER = com.madhusudhanbr.PokeDictUITests;
				PRODUCT_NAME = "$(TARGET_NAME)";
				SWIFT_VERSION = 3.0;
				TEST_TARGET_NAME = PokeDict;
			};
			name = Release;
		};
/* End XCBuildConfiguration section */

/* Begin XCConfigurationList section */
		9B3B7FF01EDCF90D0003E521 /* Build configuration list for PBXProject "PokeDict" */ = {
			isa = XCConfigurationList;
			buildConfigurations = (
				9B3B801B1EDCF90D0003E521 /* Debug */,
				9B3B801C1EDCF90D0003E521 /* Release */,
			);
			defaultConfigurationIsVisible = 0;
			defaultConfigurationName = Release;
		};
		9B3B801D1EDCF90D0003E521 /* Build configuration list for PBXNativeTarget "PokeDict" */ = {
			isa = XCConfigurationList;
			buildConfigurations = (
				9B3B801E1EDCF90D0003E521 /* Debug */,
				9B3B801F1EDCF90D0003E521 /* Release */,
			);
			defaultConfigurationIsVisible = 0;
			defaultConfigurationName = Release;
		};
		9B3B80201EDCF90D0003E521 /* Build configuration list for PBXNativeTarget "PokeDictTests" */ = {
			isa = XCConfigurationList;
			buildConfigurations = (
				9B3B80211EDCF90D0003E521 /* Debug */,
				9B3B80221EDCF90D0003E521 /* Release */,
			);
			defaultConfigurationIsVisible = 0;
			defaultConfigurationName = Release;
		};
		9B3B80231EDCF90D0003E521 /* Build configuration list for PBXNativeTarget "PokeDictUITests" */ = {
			isa = XCConfigurationList;
			buildConfigurations = (
				9B3B80241EDCF90D0003E521 /* Debug */,
				9B3B80251EDCF90D0003E521 /* Release */,
			);
			defaultConfigurationIsVisible = 0;
			defaultConfigurationName = Release;
		};
/* End XCConfigurationList section */
	};
	rootObject = 9B3B7FED1EDCF90D0003E521 /* Project object */;
}
